
Microsoft Visual Studio Solution File, Format Version 12.00
# Visual Studio Version 17
VisualStudioVersion = 17.1.32421.90
MinimumVisualStudioVersion = 10.0.40219.1
Project("{FAE04EC0-301F-11D3-BF4B-00C04F79EFBC}") = "PM.Api", "PM.Api\PM.Api.csproj", "{D83700FC-D8AC-42F2-9825-640C3D1E3F5D}"
EndProject
Global
	GlobalSection(SolutionConfigurationPlatforms) = preSolution
		Debug|Any CPU = Debug|Any CPU
		Release|Any CPU = Release|Any CPU
	EndGlobalSection
	GlobalSection(ProjectConfigurationPlatforms) = postSolution
		{D83700FC-D8AC-42F2-9825-640C3D1E3F5D}.Debug|Any CPU.ActiveCfg = Debug|Any CPU
		{D83700FC-D8AC-42F2-9825-640C3D1E3F5D}.Debug|Any CPU.Build.0 = Debug|Any CPU
		{D83700FC-D8AC-42F2-9825-640C3D1E3F5D}.Release|Any CPU.ActiveCfg = Release|Any CPU
		{D83700FC-D8AC-42F2-9825-640C3D1E3F5D}.Release|Any CPU.Build.0 = Release|Any CPU
	EndGlobalSection
	GlobalSection(SolutionProperties) = preSolution
		HideSolutionNode = FALSE
	EndGlobalSection
	GlobalSection(ExtensibilityGlobals) = postSolution
		SolutionGuid = {9EBED9EB-43B1-4787-9674-3394C9807694}
	EndGlobalSection
EndGlobal
